dependencies:
  eric-c-e/esp_lcd_nv3041:
    component_hash: 02a58bea6fd10754a2d154391dc19651bad89b7f7e103156a8144394f808aa76
    dependencies:
    - name: espressif/cmake_utilities
      registry_url: https://components.espressif.com
      require: private
      version: 0.*
    - name: idf
      require: private
      version: '>=4.4'
    source:
      registry_url: https://components.espressif.com/
      type: service
    version: 0.1.2
  espressif/cmake_utilities:
    component_hash: 351350613ceafba240b761b4ea991e0f231ac7a9f59a9ee901f751bddc0bb18f
    dependencies:
    - name: idf
      require: private
      version: '>=4.1'
    source:
      registry_url: https://components.espressif.com
      type: service
    version: 0.5.3
  espressif/esp_websocket_client:
    component_hash: 3fb288702517ef4d75bf933a115f1056ee0c2540d964f9e1d856e0bb67e1dfeb
    dependencies:
    - name: idf
      require: private
      version: '>=5.0'
    source:
      registry_url: https://components.espressif.com/
      type: service
    version: 1.7.0
  espressif/libjpeg-turbo:
    component_hash: 41100fd5c4fe44e3f4754a60b2828ed018b42ecce799bf0e2993d5a1977c8913
    dependencies:
    - name: idf
      require: private
      version: '>=5.0.0'
    source:
      registry_url: https://components.espressif.com/
      type: service
    version: 3.1.1~1
  idf:
    source:
      type: idf
    version: 5.2.0
  lvgl/lvgl:
    component_hash: 948bff879a345149b83065535bbc4a026ce9f47498a22881e432a264b9098015
    dependencies: []
    source:
      registry_url: https://components.espressif.com/
      type: service
    version: 8.3.11
direct_dependencies:
- eric-c-e/esp_lcd_nv3041
- espressif/esp_websocket_client
- espressif/libjpeg-turbo
- idf
- lvgl/lvgl
manifest_hash: c8f40bda26c8edba7c316d85d9baa196baac6e0686007c2f8a48119bd3c30c0a
target: esp32s3
version: 2.0.0
